
Microsoft Visual Studio Solution File, Format Version 12.00
# Visual Studio Version 17
VisualStudioVersion = 17.9.34728.123
MinimumVisualStudioVersion = 10.0.40219.1
Project("{FAE04EC0-301F-11D3-BF4B-00C04F79EFBC}") = "LinkTracker", "LinkTracker.csproj", "{D285AFEC-C52E-440E-8E90-233EB8DE1A97}"
EndProject
Global
	GlobalSection(SolutionConfigurationPlatforms) = preSolution
		Debug|Any CPU = Debug|Any CPU
		Release|Any CPU = Release|Any CPU
	EndGlobalSection
	GlobalSection(ProjectConfigurationPlatforms) = postSolution
		{D285AFEC-C52E-440E-8E90-233EB8DE1A97}.Debug|Any CPU.ActiveCfg = Debug|Any CPU
		{D285AFEC-C52E-440E-8E90-233EB8DE1A97}.Debug|Any CPU.Build.0 = Debug|Any CPU
		{D285AFEC-C52E-440E-8E90-233EB8DE1A97}.Release|Any CPU.ActiveCfg = Release|Any CPU
		{D285AFEC-C52E-440E-8E90-233EB8DE1A97}.Release|Any CPU.Build.0 = Release|Any CPU
	EndGlobalSection
	GlobalSection(SolutionProperties) = preSolution
		HideSolutionNode = FALSE
	EndGlobalSection
	GlobalSection(ExtensibilityGlobals) = postSolution
		SolutionGuid = {8CCC841D-BF98-4EB4-93CE-6888A4ACE85D}
	EndGlobalSection
EndGlobal
